// !$*UTF8*$!
{
	archiveVersion = 1;
	classes = {
	};
	objectVersion = 50;
	objects = {

/* Begin PBXBuildFile section */
		676814CA306A77D90A9C57D9 /* libPods-RNApp.a in Frameworks */ = {isa = PBXBuildFile; fileRef = 92DA91360A4EDC9164FE67A3 /* libPods-RNApp.a */; };
		A62260532237DF3500C546D5 /* AppDelegate.m in Sources */ = {isa = PBXBuildFile; fileRef = A62260522237DF3500C546D5 /* AppDelegate.m */; };
		A62260562237DF3500C546D5 /* ViewController.m in Sources */ = {isa = PBXBuildFile; fileRef = A62260552237DF3500C546D5 /* ViewController.m */; };
		A62260592237DF3500C546D5 /* Main.storyboard in Resources */ = {isa = PBXBuildFile; fileRef = A62260572237DF3500C546D5 /* Main.storyboard */; };
		A622605B2237DF3700C546D5 /* Assets.xcassets in Resources */ = {isa = PBXBuildFile; fileRef = A622605A2237DF3700C546D5 /* Assets.xcassets */; };
		A622605E2237DF3700C546D5 /* LaunchScreen.storyboard in Resources */ = {isa = PBXBuildFile; fileRef = A622605C2237DF3700C546D5 /* LaunchScreen.storyboard */; };
		A62260612237DF3700C546D5 /* main.m in Sources */ = {isa = PBXBuildFile; fileRef = A62260602237DF3700C546D5 /* main.m */; };
		A65868132238CD8600CC6E22 /* index.js in Resources */ = {isa = PBXBuildFile; fileRef = A65867EA2238CD8600CC6E22 /* index.js */; };
		A65868142238CD8600CC6E22 /* main.jsbundle in Resources */ = {isa = PBXBuildFile; fileRef = A65867EB2238CD8600CC6E22 /* main.jsbundle */; };
		A65868322238CE9800CC6E22 /* assets in Resources */ = {isa = PBXBuildFile; fileRef = A65868312238CE9800CC6E22 /* assets */; };
		A6AAE84B2237E8BD000BE769 /* RNViewController.m in Sources */ = {isa = PBXBuildFile; fileRef = A6AAE8492237E8B9000BE769 /* RNViewController.m */; };
		A6AAE8562237E9F8000BE769 /* CalendarManager.m in Sources */ = {isa = PBXBuildFile; fileRef = A6AAE84D2237E9F3000BE769 /* CalendarManager.m */; };
		A6AAE8572237E9F8000BE769 /* EnumConstants.m in Sources */ = {isa = PBXBuildFile; fileRef = A6AAE84F2237E9F3000BE769 /* EnumConstants.m */; };
		A6AAE8582237E9F8000BE769 /* NativeCallJS.m in Sources */ = {isa = PBXBuildFile; fileRef = A6AAE8512237E9F3000BE769 /* NativeCallJS.m */; };
		A6AAE8592237E9F8000BE769 /* BridgeHandle.m in Sources */ = {isa = PBXBuildFile; fileRef = A6AAE8552237E9F8000BE769 /* BridgeHandle.m */; };
		A6AAE85E2237EA1B000BE769 /* PieChartManager.swift in Sources */ = {isa = PBXBuildFile; fileRef = A6AAE85B2237EA12000BE769 /* PieChartManager.swift */; };
		A6AAE85F2237EA1B000BE769 /* PieChart.m in Sources */ = {isa = PBXBuildFile; fileRef = A6AAE85C2237EA17000BE769 /* PieChart.m */; };
		A6AAE8602237EA1B000BE769 /* PieChartView.swift in Sources */ = {isa = PBXBuildFile; fileRef = A6AAE85D2237EA1B000BE769 /* PieChartView.swift */; };
/* End PBXBuildFile section */

/* Begin PBXFileReference section */
		36082A815F757C217A2797EE /* Pods-RNApp.release.xcconfig */ = {isa = PBXFileReference; includeInIndex = 1; lastKnownFileType = text.xcconfig; name = "Pods-RNApp.release.xcconfig"; path = "Target Support Files/Pods-RNApp/Pods-RNApp.release.xcconfig"; sourceTree = "<group>"; };
		92DA91360A4EDC9164FE67A3 /* libPods-RNApp.a */ = {isa = PBXFileReference; explicitFileType = archive.ar; includeInIndex = 0; path = "libPods-RNApp.a"; sourceTree = BUILT_PRODUCTS_DIR; };
		A622604E2237DF3500C546D5 /* RNApp.app */ = {isa = PBXFileReference; explicitFileType = wrapper.application; includeInIndex = 0; path = RNApp.app; sourceTree = BUILT_PRODUCTS_DIR; };
		A62260512237DF3500C546D5 /* AppDelegate.h */ = {isa = PBXFileReference; lastKnownFileType = sourcecode.c.h; path = AppDelegate.h; sourceTree = "<group>"; };
		A62260522237DF3500C546D5 /* AppDelegate.m */ = {isa = PBXFileReference; lastKnownFileType = sourcecode.c.objc; path = AppDelegate.m; sourceTree = "<group>"; };
		A62260542237DF3500C546D5 /* ViewController.h */ = {isa = PBXFileReference; lastKnownFileType = sourcecode.c.h; path = ViewController.h; sourceTree = "<group>"; };
		A62260552237DF3500C546D5 /* ViewController.m */ = {isa = PBXFileReference; lastKnownFileType = sourcecode.c.objc; path = ViewController.m; sourceTree = "<group>"; };
		A62260582237DF3500C546D5 /* Base */ = {isa = PBXFileReference; lastKnownFileType = file.storyboard; name = Base; path = Base.lproj/Main.storyboard; sourceTree = "<group>"; };
		A622605A2237DF3700C546D5 /* Assets.xcassets */ = {isa = PBXFileReference; lastKnownFileType = folder.assetcatalog; path = Assets.xcassets; sourceTree = "<group>"; };
		A622605D2237DF3700C546D5 /* Base */ = {isa = PBXFileReference; lastKnownFileType = file.storyboard; name = Base; path = Base.lproj/LaunchScreen.storyboard; sourceTree = "<group>"; };
		A622605F2237DF3700C546D5 /* Info.plist */ = {isa = PBXFileReference; lastKnownFileType = text.plist.xml; path = Info.plist; sourceTree = "<group>"; };
		A62260602237DF3700C546D5 /* main.m */ = {isa = PBXFileReference; lastKnownFileType = sourcecode.c.objc; path = main.m; sourceTree = "<group>"; };
		A65867EA2238CD8600CC6E22 /* index.js */ = {isa = PBXFileReference; fileEncoding = 4; lastKnownFileType = sourcecode.javascript; path = index.js; sourceTree = "<group>"; };
		A65867EB2238CD8600CC6E22 /* main.jsbundle */ = {isa = PBXFileReference; fileEncoding = 4; lastKnownFileType = text; path = main.jsbundle; sourceTree = "<group>"; };
		A65868312238CE9800CC6E22 /* assets */ = {isa = PBXFileReference; lastKnownFileType = folder; path = assets; sourceTree = "<group>"; };
		A6AAE8492237E8B9000BE769 /* RNViewController.m */ = {isa = PBXFileReference; fileEncoding = 4; lastKnownFileType = sourcecode.c.objc; path = RNViewController.m; sourceTree = "<group>"; };
		A6AAE84A2237E8BD000BE769 /* RNViewController.h */ = {isa = PBXFileReference; fileEncoding = 4; lastKnownFileType = sourcecode.c.h; path = RNViewController.h; sourceTree = "<group>"; };
		A6AAE84D2237E9F3000BE769 /* CalendarManager.m */ = {isa = PBXFileReference; fileEncoding = 4; lastKnownFileType = sourcecode.c.objc; path = CalendarManager.m; sourceTree = "<group>"; };
		A6AAE84E2237E9F3000BE769 /* NativeCallJS.h */ = {isa = PBXFileReference; fileEncoding = 4; lastKnownFileType = sourcecode.c.h; path = NativeCallJS.h; sourceTree = "<group>"; };
		A6AAE84F2237E9F3000BE769 /* EnumConstants.m */ = {isa = PBXFileReference; fileEncoding = 4; lastKnownFileType = sourcecode.c.objc; path = EnumConstants.m; sourceTree = "<group>"; };
		A6AAE8502237E9F3000BE769 /* CalendarManager.h */ = {isa = PBXFileReference; fileEncoding = 4; lastKnownFileType = sourcecode.c.h; path = CalendarManager.h; sourceTree = "<group>"; };
		A6AAE8512237E9F3000BE769 /* NativeCallJS.m */ = {isa = PBXFileReference; fileEncoding = 4; lastKnownFileType = sourcecode.c.objc; path = NativeCallJS.m; sourceTree = "<group>"; };
		A6AAE8522237E9F3000BE769 /* EnumConstants.h */ = {isa = PBXFileReference; fileEncoding = 4; lastKnownFileType = sourcecode.c.h; path = EnumConstants.h; sourceTree = "<group>"; };
		A6AAE8542237E9F8000BE769 /* BridgeHandle.h */ = {isa = PBXFileReference; fileEncoding = 4; lastKnownFileType = sourcecode.c.h; path = BridgeHandle.h; sourceTree = "<group>"; };
		A6AAE8552237E9F8000BE769 /* BridgeHandle.m */ = {isa = PBXFileReference; fileEncoding = 4; lastKnownFileType = sourcecode.c.objc; path = BridgeHandle.m; sourceTree = "<group>"; };
		A6AAE85A2237EA09000BE769 /* RNApp-Bridging-Header.h */ = {isa = PBXFileReference; lastKnownFileType = sourcecode.c.h; path = "RNApp-Bridging-Header.h"; sourceTree = "<group>"; };
		A6AAE85B2237EA12000BE769 /* PieChartManager.swift */ = {isa = PBXFileReference; fileEncoding = 4; lastKnownFileType = sourcecode.swift; path = PieChartManager.swift; sourceTree = "<group>"; };
		A6AAE85C2237EA17000BE769 /* PieChart.m */ = {isa = PBXFileReference; fileEncoding = 4; lastKnownFileType = sourcecode.c.objc; path = PieChart.m; sourceTree = "<group>"; };
		A6AAE85D2237EA1B000BE769 /* PieChartView.swift */ = {isa = PBXFileReference; fileEncoding = 4; lastKnownFileType = sourcecode.swift; path = PieChartView.swift; sourceTree = "<group>"; };
		D3D248751994B266D1C2B5AC /* Pods-RNApp.debug.xcconfig */ = {isa = PBXFileReference; includeInIndex = 1; lastKnownFileType = text.xcconfig; name = "Pods-RNApp.debug.xcconfig"; path = "Target Support Files/Pods-RNApp/Pods-RNApp.debug.xcconfig"; sourceTree = "<group>"; };
/* End PBXFileReference section */

/* Begin PBXFrameworksBuildPhase section */
		A622604B2237DF3500C546D5 /* Frameworks */ = {
			isa = PBXFrameworksBuildPhase;
			buildActionMask = 2147483647;
			files = (
				676814CA306A77D90A9C57D9 /* libPods-RNApp.a in Frameworks */,
			);
			runOnlyForDeploymentPostprocessing = 0;
		};
/* End PBXFrameworksBuildPhase section */

/* Begin PBXGroup section */
		213A0F1F8F7AF8F398EE799B /* Frameworks */ = {
			isa = PBXGroup;
			children = (
				92DA91360A4EDC9164FE67A3 /* libPods-RNApp.a */,
			);
			name = Frameworks;
			sourceTree = "<group>";
		};
		8D28748294412F47393024B5 /* Pods */ = {
			isa = PBXGroup;
			children = (
				D3D248751994B266D1C2B5AC /* Pods-RNApp.debug.xcconfig */,
				36082A815F757C217A2797EE /* Pods-RNApp.release.xcconfig */,
			);
			path = Pods;
			sourceTree = "<group>";
		};
		A62260452237DF3500C546D5 = {
			isa = PBXGroup;
			children = (
				A62260502237DF3500C546D5 /* RNApp */,
				A622604F2237DF3500C546D5 /* Products */,
				8D28748294412F47393024B5 /* Pods */,
				213A0F1F8F7AF8F398EE799B /* Frameworks */,
			);
			sourceTree = "<group>";
		};
		A622604F2237DF3500C546D5 /* Products */ = {
			isa = PBXGroup;
			children = (
				A622604E2237DF3500C546D5 /* RNApp.app */,
			);
			name = Products;
			sourceTree = "<group>";
		};
		A62260502237DF3500C546D5 /* RNApp */ = {
			isa = PBXGroup;
			children = (
				A65867E92238CD8600CC6E22 /* bundles */,
				A6AAE84A2237E8BD000BE769 /* RNViewController.h */,
				A6AAE8492237E8B9000BE769 /* RNViewController.m */,
				A6AAE8532237E9F8000BE769 /* Bridge */,
				A6AAE84C2237E9F3000BE769 /* OC */,
				A6AAE8412237E731000BE769 /* Swift */,
				A62260512237DF3500C546D5 /* AppDelegate.h */,
				A62260522237DF3500C546D5 /* AppDelegate.m */,
				A62260542237DF3500C546D5 /* ViewController.h */,
				A62260552237DF3500C546D5 /* ViewController.m */,
				A62260572237DF3500C546D5 /* Main.storyboard */,
				A622605A2237DF3700C546D5 /* Assets.xcassets */,
				A622605C2237DF3700C546D5 /* LaunchScreen.storyboard */,
				A622605F2237DF3700C546D5 /* Info.plist */,
				A62260602237DF3700C546D5 /* main.m */,
			);
			path = RNApp;
			sourceTree = "<group>";
		};
		A65867E92238CD8600CC6E22 /* bundles */ = {
			isa = PBXGroup;
			children = (
				A65868312238CE9800CC6E22 /* assets */,
				A65867EA2238CD8600CC6E22 /* index.js */,
				A65867EB2238CD8600CC6E22 /* main.jsbundle */,
			);
			path = bundles;
			sourceTree = SOURCE_ROOT;
		};
		A6AAE8412237E731000BE769 /* Swift */ = {
			isa = PBXGroup;
			children = (
				A6AAE85C2237EA17000BE769 /* PieChart.m */,
				A6AAE85B2237EA12000BE769 /* PieChartManager.swift */,
				A6AAE85D2237EA1B000BE769 /* PieChartView.swift */,
				A6AAE85A2237EA09000BE769 /* RNApp-Bridging-Header.h */,
			);
			path = Swift;
			sourceTree = "<group>";
		};
		A6AAE84C2237E9F3000BE769 /* OC */ = {
			isa = PBXGroup;
			children = (
				A6AAE84D2237E9F3000BE769 /* CalendarManager.m */,
				A6AAE84E2237E9F3000BE769 /* NativeCallJS.h */,
				A6AAE84F2237E9F3000BE769 /* EnumConstants.m */,
				A6AAE8502237E9F3000BE769 /* CalendarManager.h */,
				A6AAE8512237E9F3000BE769 /* NativeCallJS.m */,
				A6AAE8522237E9F3000BE769 /* EnumConstants.h */,
			);
			path = OC;
			sourceTree = "<group>";
		};
		A6AAE8532237E9F8000BE769 /* Bridge */ = {
			isa = PBXGroup;
			children = (
				A6AAE8542237E9F8000BE769 /* BridgeHandle.h */,
				A6AAE8552237E9F8000BE769 /* BridgeHandle.m */,
			);
			path = Bridge;
			sourceTree = "<group>";
		};
/* End PBXGroup section */

/* Begin PBXNativeTarget section */
		A622604D2237DF3500C546D5 /* RNApp */ = {
			isa = PBXNativeTarget;
			buildConfigurationList = A62260642237DF3700C546D5 /* Build configuration list for PBXNativeTarget "RNApp" */;
			buildPhases = (
				AA6592DE573AC255C0B9F0EA /* [CP] Check Pods Manifest.lock */,
				A622604A2237DF3500C546D5 /* Sources */,
				A622604B2237DF3500C546D5 /* Frameworks */,
				A622604C2237DF3500C546D5 /* Resources */,
			);
			buildRules = (
			);
			dependencies = (
			);
			name = RNApp;
			productName = RNApp;
			productReference = A622604E2237DF3500C546D5 /* RNApp.app */;
			productType = "com.apple.product-type.application";
		};
/* End PBXNativeTarget section */

/* Begin PBXProject section */
		A62260462237DF3500C546D5 /* Project object */ = {
			isa = PBXProject;
			attributes = {
				LastUpgradeCheck = 1000;
				ORGANIZATIONNAME = JimmyOu;
				TargetAttributes = {
					A622604D2237DF3500C546D5 = {
						CreatedOnToolsVersion = 10.0;
						LastSwiftMigration = 1000;
					};
				};
			};
			buildConfigurationList = A62260492237DF3500C546D5 /* Build configuration list for PBXProject "RNApp" */;
			compatibilityVersion = "Xcode 9.3";
			developmentRegion = en;
			hasScannedForEncodings = 0;
			knownRegions = (
				en,
				Base,
			);
			mainGroup = A62260452237DF3500C546D5;
			productRefGroup = A622604F2237DF3500C546D5 /* Products */;
			projectDirPath = "";
			projectRoot = "";
			targets = (
				A622604D2237DF3500C546D5 /* RNApp */,
			);
		};
/* End PBXProject section */

/* Begin PBXResourcesBuildPhase section */
		A622604C2237DF3500C546D5 /* Resources */ = {
			isa = PBXResourcesBuildPhase;
			buildActionMask = 2147483647;
			files = (
				A622605E2237DF3700C546D5 /* LaunchScreen.storyboard in Resources */,
				A622605B2237DF3700C546D5 /* Assets.xcassets in Resources */,
				A65868142238CD8600CC6E22 /* main.jsbundle in Resources */,
				A65868322238CE9800CC6E22 /* assets in Resources */,
				A62260592237DF3500C546D5 /* Main.storyboard in Resources */,
				A65868132238CD8600CC6E22 /* index.js in Resources */,
			);
			runOnlyForDeploymentPostprocessing = 0;
		};
/* End PBXResourcesBuildPhase section */

/* Begin PBXShellScriptBuildPhase section */
		AA6592DE573AC255C0B9F0EA /* [CP] Check Pods Manifest.lock */ = {
			isa = PBXShellScriptBuildPhase;
			buildActionMask = 2147483647;
			files = (
			);
			inputFileListPaths = (
			);
			inputPaths = (
				"${PODS_PODFILE_DIR_PATH}/Podfile.lock",
				"${PODS_ROOT}/Manifest.lock",
			);
			name = "[CP] Check Pods Manifest.lock";
			outputFileListPaths = (
			);
			outputPaths = (
				"$(DERIVED_FILE_DIR)/Pods-RNApp-checkManifestLockResult.txt",
			);
			runOnlyForDeploymentPostprocessing = 0;
			shellPath = /bin/sh;
			shellScript = "diff \"${PODS_PODFILE_DIR_PATH}/Podfile.lock\" \"${PODS_ROOT}/Manifest.lock\" > /dev/null\nif [ $? != 0 ] ; then\n    # print error to STDERR\n    echo \"error: The sandbox is not in sync with the Podfile.lock. Run 'pod install' or update your CocoaPods installation.\" >&2\n    exit 1\nfi\n# This output is used by Xcode 'outputs' to avoid re-running this script phase.\necho \"SUCCESS\" > \"${SCRIPT_OUTPUT_FILE_0}\"\n";
			showEnvVarsInLog = 0;
		};
/* End PBXShellScriptBuildPhase section */

/* Begin PBXSourcesBuildPhase section */
		A622604A2237DF3500C546D5 /* Sources */ = {
			isa = PBXSourcesBuildPhase;
			buildActionMask = 2147483647;
			files = (
				A6AAE8562237E9F8000BE769 /* CalendarManager.m in Sources */,
				A6AAE84B2237E8BD000BE769 /* RNViewController.m in Sources */,
				A6AAE8592237E9F8000BE769 /* BridgeHandle.m in Sources */,
				A6AAE85F2237EA1B000BE769 /* PieChart.m in Sources */,
				A6AAE8602237EA1B000BE769 /* PieChartView.swift in Sources */,
				A6AAE8572237E9F8000BE769 /* EnumConstants.m in Sources */,
				A62260562237DF3500C546D5 /* ViewController.m in Sources */,
				A6AAE85E2237EA1B000BE769 /* PieChartManager.swift in Sources */,
				A62260612237DF3700C546D5 /* main.m in Sources */,
				A6AAE8582237E9F8000BE769 /* NativeCallJS.m in Sources */,
				A62260532237DF3500C546D5 /* AppDelegate.m in Sources */,
			);
			runOnlyForDeploymentPostprocessing = 0;
		};
/* End PBXSourcesBuildPhase section */

/* Begin PBXVariantGroup section */
		A62260572237DF3500C546D5 /* Main.storyboard */ = {
			isa = PBXVariantGroup;
			children = (
				A62260582237DF3500C546D5 /* Base */,
			);
			name = Main.storyboard;
			sourceTree = "<group>";
		};
		A622605C2237DF3700C546D5 /* LaunchScreen.storyboard */ = {
			isa = PBXVariantGroup;
			children = (
				A622605D2237DF3700C546D5 /* Base */,
			);
			name = LaunchScreen.storyboard;
			sourceTree = "<group>";
		};
/* End PBXVariantGroup section */

/* Begin XCBuildConfiguration section */
		A62260622237DF3700C546D5 /* Debug */ = {
			isa = XCBuildConfiguration;
			buildSettings = {
				ALWAYS_SEARCH_USER_PATHS = NO;
				CLANG_ANALYZER_NONNULL = YES;
				CLANG_ANALYZER_NUMBER_OBJECT_CONVERSION = YES_AGGRESSIVE;
				CLANG_CXX_LANGUAGE_STANDARD = "gnu++14";
				CLANG_CXX_LIBRARY = "libc++";
				CLANG_ENABLE_MODULES = YES;
				CLANG_ENABLE_OBJC_ARC = YES;
				CLANG_ENABLE_OBJC_WEAK = YES;
				CLANG_WARN_BLOCK_CAPTURE_AUTORELEASING = YES;
				CLANG_WARN_BOOL_CONVERSION = YES;
				CLANG_WARN_COMMA = YES;
				CLANG_WARN_CONSTANT_CONVERSION = YES;
				CLANG_WARN_DEPRECATED_OBJC_IMPLEMENTATIONS = YES;
				CLANG_WARN_DIRECT_OBJC_ISA_USAGE = YES_ERROR;
				CLANG_WARN_DOCUMENTATION_COMMENTS = YES;
				CLANG_WARN_EMPTY_BODY = YES;
				CLANG_WARN_ENUM_CONVERSION = YES;
				CLANG_WARN_INFINITE_RECURSION = YES;
				CLANG_WARN_INT_CONVERSION = YES;
				CLANG_WARN_NON_LITERAL_NULL_CONVERSION = YES;
				CLANG_WARN_OBJC_IMPLICIT_RETAIN_SELF = YES;
				CLANG_WARN_OBJC_LITERAL_CONVERSION = YES;
				CLANG_WARN_OBJC_ROOT_CLASS = YES_ERROR;
				CLANG_WARN_RANGE_LOOP_ANALYSIS = YES;
				CLANG_WARN_STRICT_PROTOTYPES = YES;
				CLANG_WARN_SUSPICIOUS_MOVE = YES;
				CLANG_WARN_UNGUARDED_AVAILABILITY = YES_AGGRESSIVE;
				CLANG_WARN_UNREACHABLE_CODE = YES;
				CLANG_WARN__DUPLICATE_METHOD_MATCH = YES;
				CODEPUSH_KEY = "yNVpu62XqgzekuMJNbTvDccdPEhvff1c96cd-a49b-47af-8859-d3785a712582";
				CODE_SIGN_IDENTITY = "iPhone Developer";
				COPY_PHASE_STRIP = NO;
				DEBUG_INFORMATION_FORMAT = dwarf;
				ENABLE_STRICT_OBJC_MSGSEND = YES;
				ENABLE_TESTABILITY = YES;
				GCC_C_LANGUAGE_STANDARD = gnu11;
				GCC_DYNAMIC_NO_PIC = NO;
				GCC_NO_COMMON_BLOCKS = YES;
				GCC_OPTIMIZATION_LEVEL = 0;
				GCC_PREPROCESSOR_DEFINITIONS = (
					"DEBUG=1",
					"$(inherited)",
				);
				GCC_WARN_64_TO_32_BIT_CONVERSION = YES;
				GCC_WARN_ABOUT_RETURN_TYPE = YES_ERROR;
				GCC_WARN_UNDECLARED_SELECTOR = YES;
				GCC_WARN_UNINITIALIZED_AUTOS = YES_AGGRESSIVE;
				GCC_WARN_UNUSED_FUNCTION = YES;
				GCC_WARN_UNUSED_VARIABLE = YES;
				IPHONEOS_DEPLOYMENT_TARGET = 12.0;
				MTL_ENABLE_DEBUG_INFO = INCLUDE_SOURCE;
				MTL_FAST_MATH = YES;
				ONLY_ACTIVE_ARCH = YES;
				SDKROOT = iphoneos;
			};
			name = Debug;
		};
		A62260632237DF3700C546D5 /* Release */ = {
			isa = XCBuildConfiguration;
			buildSettings = {
				ALWAYS_SEARCH_USER_PATHS = NO;
				CLANG_ANALYZER_NONNULL = YES;
				CLANG_ANALYZER_NUMBER_OBJECT_CONVERSION = YES_AGGRESSIVE;
				CLANG_CXX_LANGUAGE_STANDARD = "gnu++14";
				CLANG_CXX_LIBRARY = "libc++";
				CLANG_ENABLE_MODULES = YES;
				CLANG_ENABLE_OBJC_ARC = YES;
				CLANG_ENABLE_OBJC_WEAK = YES;
				CLANG_WARN_BLOCK_CAPTURE_AUTORELEASING = YES;
				CLANG_WARN_BOOL_CONVERSION = YES;
				CLANG_WARN_COMMA = YES;
				CLANG_WARN_CONSTANT_CONVERSION = YES;
				CLANG_WARN_DEPRECATED_OBJC_IMPLEMENTATIONS = YES;
				CLANG_WARN_DIRECT_OBJC_ISA_USAGE = YES_ERROR;
				CLANG_WARN_DOCUMENTATION_COMMENTS = YES;
				CLANG_WARN_EMPTY_BODY = YES;
				CLANG_WARN_ENUM_CONVERSION = YES;
				CLANG_WARN_INFINITE_RECURSION = YES;
				CLANG_WARN_INT_CONVERSION = YES;
				CLANG_WARN_NON_LITERAL_NULL_CONVERSION = YES;
				CLANG_WARN_OBJC_IMPLICIT_RETAIN_SELF = YES;
				CLANG_WARN_OBJC_LITERAL_CONVERSION = YES;
				CLANG_WARN_OBJC_ROOT_CLASS = YES_ERROR;
				CLANG_WARN_RANGE_LOOP_ANALYSIS = YES;
				CLANG_WARN_STRICT_PROTOTYPES = YES;
				CLANG_WARN_SUSPICIOUS_MOVE = YES;
				CLANG_WARN_UNGUARDED_AVAILABILITY = YES_AGGRESSIVE;
				CLANG_WARN_UNREACHABLE_CODE = YES;
				CLANG_WARN__DUPLICATE_METHOD_MATCH = YES;
				CODEPUSH_KEY = "kNOro-o-b45raeeIR86SN9e5yF5yff1c96cd-a49b-47af-8859-d3785a712582";
				CODE_SIGN_IDENTITY = "iPhone Developer";
				COPY_PHASE_STRIP = NO;
				DEBUG_INFORMATION_FORMAT = "dwarf-with-dsym";
				ENABLE_NS_ASSERTIONS = NO;
				ENABLE_STRICT_OBJC_MSGSEND = YES;
				GCC_C_LANGUAGE_STANDARD = gnu11;
				GCC_NO_COMMON_BLOCKS = YES;
				GCC_WARN_64_TO_32_BIT_CONVERSION = YES;
				GCC_WARN_ABOUT_RETURN_TYPE = YES_ERROR;
				GCC_WARN_UNDECLARED_SELECTOR = YES;
				GCC_WARN_UNINITIALIZED_AUTOS = YES_AGGRESSIVE;
				GCC_WARN_UNUSED_FUNCTION = YES;
				GCC_WARN_UNUSED_VARIABLE = YES;
				IPHONEOS_DEPLOYMENT_TARGET = 12.0;
				MTL_ENABLE_DEBUG_INFO = NO;
				MTL_FAST_MATH = YES;
				SDKROOT = iphoneos;
				VALIDATE_PRODUCT = YES;
			};
			name = Release;
		};
		A62260652237DF3700C546D5 /* Debug */ = {
			isa = XCBuildConfiguration;
			baseConfigurationReference = D3D248751994B266D1C2B5AC /* Pods-RNApp.debug.xcconfig */;
			buildSettings = {
				ASSETCATALOG_COMPILER_APPICON_NAME = AppIcon;
				CLANG_ENABLE_MODULES = YES;
				CODE_SIGN_STYLE = Automatic;
				DEVELOPMENT_TEAM = 3G8QFYT436;
				INFOPLIST_FILE = RNApp/Info.plist;
				LD_RUNPATH_SEARCH_PATHS = (
					"$(inherited)",
					"@executable_path/Frameworks",
				);
				PRODUCT_BUNDLE_IDENTIFIER = Jimmyou.RNApp;
				PRODUCT_NAME = "$(TARGET_NAME)";
				SWIFT_OBJC_BRIDGING_HEADER = "RNApp/Swift/RNApp-Bridging-Header.h";
				SWIFT_OPTIMIZATION_LEVEL = "-Onone";
				SWIFT_VERSION = 4.2;
				TARGETED_DEVICE_FAMILY = "1,2";
			};
			name = Debug;
		};
		A62260662237DF3700C546D5 /* Release */ = {
			isa = XCBuildConfiguration;
			baseConfigurationReference = 36082A815F757C217A2797EE /* Pods-RNApp.release.xcconfig */;
			buildSettings = {
				ASSETCATALOG_COMPILER_APPICON_NAME = AppIcon;
				CLANG_ENABLE_MODULES = YES;
				CODE_SIGN_STYLE = Automatic;
				DEVELOPMENT_TEAM = 3G8QFYT436;
				INFOPLIST_FILE = RNApp/Info.plist;
				LD_RUNPATH_SEARCH_PATHS = (
					"$(inherited)",
					"@executable_path/Frameworks",
				);
				PRODUCT_BUNDLE_IDENTIFIER = Jimmyou.RNApp;
				PRODUCT_NAME = "$(TARGET_NAME)";
				SWIFT_OBJC_BRIDGING_HEADER = "RNApp/Swift/RNApp-Bridging-Header.h";
				SWIFT_VERSION = 4.2;
				TARGETED_DEVICE_FAMILY = "1,2";
			};
			name = Release;
		};
		A65868332238D13100CC6E22 /* Test */ = {
			isa = XCBuildConfiguration;
			buildSettings = {
				ALWAYS_SEARCH_USER_PATHS = NO;
				CLANG_ANALYZER_NONNULL = YES;
				CLANG_ANALYZER_NUMBER_OBJECT_CONVERSION = YES_AGGRESSIVE;
				CLANG_CXX_LANGUAGE_STANDARD = "gnu++14";
				CLANG_CXX_LIBRARY = "libc++";
				CLANG_ENABLE_MODULES = YES;
				CLANG_ENABLE_OBJC_ARC = YES;
				CLANG_ENABLE_OBJC_WEAK = YES;
				CLANG_WARN_BLOCK_CAPTURE_AUTORELEASING = YES;
				CLANG_WARN_BOOL_CONVERSION = YES;
				CLANG_WARN_COMMA = YES;
				CLANG_WARN_CONSTANT_CONVERSION = YES;
				CLANG_WARN_DEPRECATED_OBJC_IMPLEMENTATIONS = YES;
				CLANG_WARN_DIRECT_OBJC_ISA_USAGE = YES_ERROR;
				CLANG_WARN_DOCUMENTATION_COMMENTS = YES;
				CLANG_WARN_EMPTY_BODY = YES;
				CLANG_WARN_ENUM_CONVERSION = YES;
				CLANG_WARN_INFINITE_RECURSION = YES;
				CLANG_WARN_INT_CONVERSION = YES;
				CLANG_WARN_NON_LITERAL_NULL_CONVERSION = YES;
				CLANG_WARN_OBJC_IMPLICIT_RETAIN_SELF = YES;
				CLANG_WARN_OBJC_LITERAL_CONVERSION = YES;
				CLANG_WARN_OBJC_ROOT_CLASS = YES_ERROR;
				CLANG_WARN_RANGE_LOOP_ANALYSIS = YES;
				CLANG_WARN_STRICT_PROTOTYPES = YES;
				CLANG_WARN_SUSPICIOUS_MOVE = YES;
				CLANG_WARN_UNGUARDED_AVAILABILITY = YES_AGGRESSIVE;
				CLANG_WARN_UNREACHABLE_CODE = YES;
				CLANG_WARN__DUPLICATE_METHOD_MATCH = YES;
				CODEPUSH_KEY = "11LzBfIWSH0-NrJ6qphrJD_Eq8fWff1c96cd-a49b-47af-8859-d3785a712582";
				CODE_SIGN_IDENTITY = "iPhone Developer";
				COPY_PHASE_STRIP = NO;
				DEBUG_INFORMATION_FORMAT = "dwarf-with-dsym";
				ENABLE_NS_ASSERTIONS = NO;
				ENABLE_STRICT_OBJC_MSGSEND = YES;
				GCC_C_LANGUAGE_STANDARD = gnu11;
				GCC_NO_COMMON_BLOCKS = YES;
				GCC_WARN_64_TO_32_BIT_CONVERSION = YES;
				GCC_WARN_ABOUT_RETURN_TYPE = YES_ERROR;
				GCC_WARN_UNDECLARED_SELECTOR = YES;
				GCC_WARN_UNINITIALIZED_AUTOS = YES_AGGRESSIVE;
				GCC_WARN_UNUSED_FUNCTION = YES;
				GCC_WARN_UNUSED_VARIABLE = YES;
				IPHONEOS_DEPLOYMENT_TARGET = 12.0;
				MTL_ENABLE_DEBUG_INFO = NO;
				MTL_FAST_MATH = YES;
				SDKROOT = iphoneos;
				VALIDATE_PRODUCT = YES;
			};
			name = Test;
		};
		A65868342238D13100CC6E22 /* Test */ = {
			isa = XCBuildConfiguration;
			baseConfigurationReference = 36082A815F757C217A2797EE /* Pods-RNApp.release.xcconfig */;
			buildSettings = {
				ASSETCATALOG_COMPILER_APPICON_NAME = AppIcon;
				CLANG_ENABLE_MODULES = YES;
				CODE_SIGN_STYLE = Automatic;
				DEVELOPMENT_TEAM = 3G8QFYT436;
				INFOPLIST_FILE = RNApp/Info.plist;
				LD_RUNPATH_SEARCH_PATHS = (
					"$(inherited)",
					"@executable_path/Frameworks",
				);
				PRODUCT_BUNDLE_IDENTIFIER = Jimmyou.RNApp;
				PRODUCT_NAME = "$(TARGET_NAME)";
				SWIFT_OBJC_BRIDGING_HEADER = "RNApp/Swift/RNApp-Bridging-Header.h";
				SWIFT_VERSION = 4.2;
				TARGETED_DEVICE_FAMILY = "1,2";
			};
			name = Test;
		};
/* End XCBuildConfiguration section */

/* Begin XCConfigurationList section */
		A62260492237DF3500C546D5 /* Build configuration list for PBXProject "RNApp" */ = {
			isa = XCConfigurationList;
			buildConfigurations = (
				A62260622237DF3700C546D5 /* Debug */,
				A62260632237DF3700C546D5 /* Release */,
				A65868332238D13100CC6E22 /* Test */,
			);
			defaultConfigurationIsVisible = 0;
			defaultConfigurationName = Release;
		};
		A62260642237DF3700C546D5 /* Build configuration list for PBXNativeTarget "RNApp" */ = {
			isa = XCConfigurationList;
			buildConfigurations = (
				A62260652237DF3700C546D5 /* Debug */,
				A62260662237DF3700C546D5 /* Release */,
				A65868342238D13100CC6E22 /* Test */,
			);
			defaultConfigurationIsVisible = 0;
			defaultConfigurationName = Release;
		};
/* End XCConfigurationList section */
	};
	rootObject = A62260462237DF3500C546D5 /* Project object */;
}
